{
  "version": 4,
  "terraform_version": "0.12.29",
  "serial": 35,
  "lineage": "a29e5939-c839-330b-9254-8f4878b926a5",
  "outputs": {},
  "resources": [
    {
      "mode": "managed",
      "type": "azurerm_cosmosdb_account",
      "name": "db",
      "provider": "provider.azurerm",
      "instances": [
        {
          "schema_version": 0,
          "attributes": {
            "analytical_storage_enabled": false,
            "capabilities": [
              {
                "name": "EnableAggregationPipeline"
              },
              {
                "name": "MongoDBv3.4"
              },
              {
                "name": "mongoEnableDocLevelTTL"
              }
            ],
            "connection_strings": [
              "AccountEndpoint=https://tfex-cosmos-db-62596.documents.azure.com:443/;AccountKey=W7BpZH5ApC4VR9K2nmBZIXTQSQAlHNOT6cFJvcojnQBzH2ijUMrpb3WA2epULHGqo3h4neKCgTqRbTP4EOrpvA==;",
              "AccountEndpoint=https://tfex-cosmos-db-62596.documents.azure.com:443/;AccountKey=P6uMMi0OVeP7oajNp9hduGkuGatwtVPZKs34j3aLLxpUWFrDFZnu6hfo6df1bbHryKZKhOZiLFCbduprhk8LHA==;",
              "AccountEndpoint=https://tfex-cosmos-db-62596.documents.azure.com:443/;AccountKey=dOqDGnYs30lAdiI8Kk4W60wV1ixqqkvBPhC44SG0bG0D82c7eVfbTPQAy0fy522OmH9BRXAmPpSP6fw0FJAPow==;",
              "AccountEndpoint=https://tfex-cosmos-db-62596.documents.azure.com:443/;AccountKey=s49tVDAMRvH7vdp0nqvcSkLnjl22vUPnqv3Orw5WZ7CNYwTstkrS24gDL0u3Cvyirs7PEmr9QFkJ4uWnRhgZtg==;"
            ],
            "consistency_policy": [
              {
                "consistency_level": "BoundedStaleness",
                "max_interval_in_seconds": 600,
                "max_staleness_prefix": 120000
              }
            ],
            "enable_automatic_failover": true,
            "enable_free_tier": false,
            "enable_multiple_write_locations": false,
            "endpoint": "https://tfex-cosmos-db-62596.documents.azure.com:443/",
            "geo_location": [
              {
                "failover_priority": 0,
                "id": "tfex-cosmos-db-62596-eastus",
                "location": "eastus",
                "prefix": "",
                "zone_redundant": false
              },
              {
                "failover_priority": 1,
                "id": "tfex-cosmos-db-62596-westus",
                "location": "westus",
                "prefix": "",
                "zone_redundant": false
              }
            ],
            "id": "/subscriptions/b34ee268-9014-4eec-a58c-0c3932077eb4/resourceGroups/monitor-jdtest-rg/providers/Microsoft.DocumentDB/databaseAccounts/tfex-cosmos-db-62596",
            "ip_range_filter": "",
            "is_virtual_network_filter_enabled": false,
            "key_vault_key_id": null,
            "kind": "GlobalDocumentDB",
            "location": "eastus",
            "name": "tfex-cosmos-db-62596",
            "offer_type": "Standard",
            "primary_key": "W7BpZH5ApC4VR9K2nmBZIXTQSQAlHNOT6cFJvcojnQBzH2ijUMrpb3WA2epULHGqo3h4neKCgTqRbTP4EOrpvA==",
            "primary_master_key": "W7BpZH5ApC4VR9K2nmBZIXTQSQAlHNOT6cFJvcojnQBzH2ijUMrpb3WA2epULHGqo3h4neKCgTqRbTP4EOrpvA==",
            "primary_readonly_key": "dOqDGnYs30lAdiI8Kk4W60wV1ixqqkvBPhC44SG0bG0D82c7eVfbTPQAy0fy522OmH9BRXAmPpSP6fw0FJAPow==",
            "primary_readonly_master_key": "dOqDGnYs30lAdiI8Kk4W60wV1ixqqkvBPhC44SG0bG0D82c7eVfbTPQAy0fy522OmH9BRXAmPpSP6fw0FJAPow==",
            "public_network_access_enabled": true,
            "read_endpoints": [
              "https://tfex-cosmos-db-62596-eastus.documents.azure.com:443/",
              "https://tfex-cosmos-db-62596-westus.documents.azure.com:443/"
            ],
            "resource_group_name": "monitor-jdtest-rg",
            "secondary_key": "P6uMMi0OVeP7oajNp9hduGkuGatwtVPZKs34j3aLLxpUWFrDFZnu6hfo6df1bbHryKZKhOZiLFCbduprhk8LHA==",
            "secondary_master_key": "P6uMMi0OVeP7oajNp9hduGkuGatwtVPZKs34j3aLLxpUWFrDFZnu6hfo6df1bbHryKZKhOZiLFCbduprhk8LHA==",
            "secondary_readonly_key": "s49tVDAMRvH7vdp0nqvcSkLnjl22vUPnqv3Orw5WZ7CNYwTstkrS24gDL0u3Cvyirs7PEmr9QFkJ4uWnRhgZtg==",
            "secondary_readonly_master_key": "s49tVDAMRvH7vdp0nqvcSkLnjl22vUPnqv3Orw5WZ7CNYwTstkrS24gDL0u3Cvyirs7PEmr9QFkJ4uWnRhgZtg==",
            "tags": {},
            "timeouts": null,
            "virtual_network_rule": [],
            "write_endpoints": [
              "https://tfex-cosmos-db-62596-eastus.documents.azure.com:443/"
            ]
          },
          "private": "eyJlMmJmYjczMC1lY2FhLTExZTYtOGY4OC0zNDM2M2JjN2M0YzAiOnsiY3JlYXRlIjoxMDgwMDAwMDAwMDAwMCwiZGVsZXRlIjoxMDgwMDAwMDAwMDAwMCwicmVhZCI6MzAwMDAwMDAwMDAwLCJ1cGRhdGUiOjEwODAwMDAwMDAwMDAwfX0=",
          "dependencies": [
            "azurerm_resource_group.jdtest",
            "random_integer.ri"
          ]
        }
      ]
    },
    {
      "mode": "managed",
      "type": "azurerm_cosmosdb_sql_database",
      "name": "jdtest",
      "provider": "provider.azurerm",
      "instances": [
        {
          "schema_version": 1,
          "attributes": {
            "account_name": "tfex-cosmos-db-62596",
            "autoscale_settings": [],
            "id": "/subscriptions/b34ee268-9014-4eec-a58c-0c3932077eb4/resourceGroups/monitor-jdtest-rg/providers/Microsoft.DocumentDB/databaseAccounts/tfex-cosmos-db-62596/sqlDatabases/tfex-cosmos-mongo-db",
            "name": "tfex-cosmos-mongo-db",
            "resource_group_name": "monitor-jdtest-rg",
            "throughput": 400,
            "timeouts": null
          },
          "private": "eyJlMmJmYjczMC1lY2FhLTExZTYtOGY4OC0zNDM2M2JjN2M0YzAiOnsiY3JlYXRlIjoxODAwMDAwMDAwMDAwLCJkZWxldGUiOjE4MDAwMDAwMDAwMDAsInJlYWQiOjMwMDAwMDAwMDAwMCwidXBkYXRlIjoxODAwMDAwMDAwMDAwfSwic2NoZW1hX3ZlcnNpb24iOiIxIn0=",
          "dependencies": [
            "azurerm_cosmosdb_account.db",
            "azurerm_resource_group.jdtest",
            "random_integer.ri"
          ]
        }
      ]
    },
    {
      "mode": "managed",
      "type": "azurerm_log_analytics_workspace",
      "name": "jdtest",
      "provider": "provider.azurerm",
      "instances": [
        {
          "schema_version": 2,
          "attributes": {
            "daily_quota_gb": -1,
            "id": "/subscriptions/b34ee268-9014-4eec-a58c-0c3932077eb4/resourceGroups/monitor-jdtest-rg/providers/Microsoft.OperationalInsights/workspaces/acctest-01",
            "internet_ingestion_enabled": true,
            "internet_query_enabled": true,
            "location": "eastus",
            "name": "acctest-01",
            "portal_url": "",
            "primary_shared_key": "n9zB51xqBE9oyPeLJAiZMUlCbVo3+1r6eu+igOASmstQcsHGKzmrMbLDGzrZI2pmJMZQf/OU3CpfUDR7NAPDYw==",
            "resource_group_name": "monitor-jdtest-rg",
            "retention_in_days": 30,
            "secondary_shared_key": "HO5Svo7iMFEGgRnK0e8DBNxoNv/kHV9C2ifvt/FePNcdcqhgmMl2svMGqyW6GUmk+PWrS9Mja/8K5Qz6I8z4mA==",
            "sku": "pergb2018",
            "tags": {},
            "timeouts": null,
            "workspace_id": "c1f414ee-47b0-45b6-8c8a-29111ef604bd"
          },
          "private": "eyJlMmJmYjczMC1lY2FhLTExZTYtOGY4OC0zNDM2M2JjN2M0YzAiOnsiY3JlYXRlIjoxODAwMDAwMDAwMDAwLCJkZWxldGUiOjE4MDAwMDAwMDAwMDAsInJlYWQiOjMwMDAwMDAwMDAwMCwidXBkYXRlIjoxODAwMDAwMDAwMDAwfSwic2NoZW1hX3ZlcnNpb24iOiIyIn0=",
          "dependencies": [
            "azurerm_resource_group.jdtest"
          ]
        }
      ]
    },
    {
      "mode": "managed",
      "type": "azurerm_monitor_diagnostic_setting",
      "name": "cosmosdb",
      "provider": "provider.azurerm",
      "instances": [
        {
          "schema_version": 0,
          "attributes": {
            "eventhub_authorization_rule_id": "",
            "eventhub_name": "",
            "id": "/subscriptions/b34ee268-9014-4eec-a58c-0c3932077eb4/resourceGroups/monitor-jdtest-rg/providers/Microsoft.DocumentDB/databaseAccounts/tfex-cosmos-db-62596|jdtest",
            "log": [
              {
                "category": "TableApiRequests",
                "enabled": true,
                "retention_policy": [
                  {
                    "days": null,
                    "enabled": true
                  }
                ]
              }
            ],
            "log_analytics_destination_type": "AzureDiagnostics",
            "log_analytics_workspace_id": "/subscriptions/b34ee268-9014-4eec-a58c-0c3932077eb4/resourceGroups/monitor-jdtest-rg/providers/Microsoft.OperationalInsights/workspaces/acctest-01",
            "metric": [
              {
                "category": "Requests",
                "enabled": true,
                "retention_policy": [
                  {
                    "days": null,
                    "enabled": true
                  }
                ]
              }
            ],
            "name": "jdtest",
            "storage_account_id": "/subscriptions/b34ee268-9014-4eec-a58c-0c3932077eb4/resourceGroups/monitor-jdtest-rg/providers/Microsoft.Storage/storageAccounts/storageaccountjdtest",
            "target_resource_id": "/subscriptions/b34ee268-9014-4eec-a58c-0c3932077eb4/resourceGroups/monitor-jdtest-rg/providers/Microsoft.DocumentDB/databaseAccounts/tfex-cosmos-db-62596",
            "timeouts": null
          },
          "private": "eyJlMmJmYjczMC1lY2FhLTExZTYtOGY4OC0zNDM2M2JjN2M0YzAiOnsiY3JlYXRlIjoxODAwMDAwMDAwMDAwLCJkZWxldGUiOjM2MDAwMDAwMDAwMDAsInJlYWQiOjMwMDAwMDAwMDAwMCwidXBkYXRlIjoxODAwMDAwMDAwMDAwfX0=",
          "dependencies": [
            "azurerm_cosmosdb_account.db",
            "azurerm_log_analytics_workspace.jdtest",
            "azurerm_storage_account.jdtest"
          ]
        }
      ]
    },
    {
      "mode": "managed",
      "type": "azurerm_monitor_diagnostic_setting",
      "name": "jdtest",
      "provider": "provider.azurerm",
      "instances": [
        {
          "schema_version": 0,
          "attributes": {
            "eventhub_authorization_rule_id": "",
            "eventhub_name": "",
            "id": "/subscriptions/b34ee268-9014-4eec-a58c-0c3932077eb4/resourceGroups/monitor-jdtest-rg/providers/Microsoft.Sql/servers/jdtest-sqlserver/databases/acctest-db-d|jdtest",
            "log": [
              {
                "category": "Errors",
                "enabled": true,
                "retention_policy": [
                  {
                    "days": null,
                    "enabled": true
                  }
                ]
              }
            ],
            "log_analytics_destination_type": "",
            "log_analytics_workspace_id": "/subscriptions/b34ee268-9014-4eec-a58c-0c3932077eb4/resourceGroups/monitor-jdtest-rg/providers/Microsoft.OperationalInsights/workspaces/acctest-01",
            "metric": [
              {
                "category": "Basic",
                "enabled": true,
                "retention_policy": [
                  {
                    "days": null,
                    "enabled": true
                  }
                ]
              }
            ],
            "name": "jdtest",
            "storage_account_id": "/subscriptions/b34ee268-9014-4eec-a58c-0c3932077eb4/resourceGroups/monitor-jdtest-rg/providers/Microsoft.Storage/storageAccounts/storageaccountjdtest",
            "target_resource_id": "/subscriptions/b34ee268-9014-4eec-a58c-0c3932077eb4/resourceGroups/monitor-jdtest-rg/providers/Microsoft.Sql/servers/jdtest-sqlserver/databases/acctest-db-d",
            "timeouts": null
          },
          "private": "eyJlMmJmYjczMC1lY2FhLTExZTYtOGY4OC0zNDM2M2JjN2M0YzAiOnsiY3JlYXRlIjoxODAwMDAwMDAwMDAwLCJkZWxldGUiOjM2MDAwMDAwMDAwMDAsInJlYWQiOjMwMDAwMDAwMDAwMCwidXBkYXRlIjoxODAwMDAwMDAwMDAwfX0=",
          "dependencies": [
            "azurerm_log_analytics_workspace.jdtest",
            "azurerm_mssql_database.jdtest",
            "azurerm_storage_account.jdtest"
          ]
        }
      ]
    },
    {
      "mode": "managed",
      "type": "azurerm_mssql_database",
      "name": "jdtest",
      "provider": "provider.azurerm",
      "instances": [
        {
          "schema_version": 0,
          "attributes": {
            "auto_pause_delay_in_minutes": 0,
            "collation": "SQL_Latin1_General_CP1_CI_AS",
            "create_mode": null,
            "creation_source_database_id": null,
            "elastic_pool_id": "",
            "extended_auditing_policy": [
              {
                "retention_in_days": 6,
                "storage_account_access_key": "I3/7xph24P5ay3/KowvYQ1ciEuKkjTkI78gR5Z3YBwqBXZyfQ5vaVH1hswWu81Dh5hQHOvuCHM2Tc1V5ObqY/w==",
                "storage_account_access_key_is_secondary": true,
                "storage_endpoint": "https://storageaccountjdtest.blob.core.windows.net/"
              }
            ],
            "id": "/subscriptions/b34ee268-9014-4eec-a58c-0c3932077eb4/resourceGroups/monitor-jdtest-rg/providers/Microsoft.Sql/servers/jdtest-sqlserver/databases/acctest-db-d",
            "license_type": "LicenseIncluded",
            "long_term_retention_policy": [
              {
                "monthly_retention": "PT0S",
                "week_of_year": 0,
                "weekly_retention": "PT0S",
                "yearly_retention": "PT0S"
              }
            ],
            "max_size_gb": 4,
            "min_capacity": 0,
            "name": "acctest-db-d",
            "read_replica_count": 1,
            "read_scale": true,
            "recover_database_id": null,
            "restore_dropped_database_id": null,
            "restore_point_in_time": null,
            "sample_name": null,
            "server_id": "/subscriptions/b34ee268-9014-4eec-a58c-0c3932077eb4/resourceGroups/monitor-jdtest-rg/providers/Microsoft.Sql/servers/jdtest-sqlserver",
            "short_term_retention_policy": [
              {
                "retention_days": 7
              }
            ],
            "sku_name": "BC_Gen5_2",
            "storage_account_type": "GRS",
            "tags": {
              "foo": "bar"
            },
            "threat_detection_policy": [
              {
                "disabled_alerts": [],
                "email_account_admins": "Disabled",
                "email_addresses": [],
                "retention_days": 0,
                "state": "Disabled",
                "storage_account_access_key": "",
                "storage_endpoint": "",
                "use_server_default": "Disabled"
              }
            ],
            "timeouts": null,
            "zone_redundant": true
          },
          "private": "eyJlMmJmYjczMC1lY2FhLTExZTYtOGY4OC0zNDM2M2JjN2M0YzAiOnsiY3JlYXRlIjozNjAwMDAwMDAwMDAwLCJkZWxldGUiOjM2MDAwMDAwMDAwMDAsInJlYWQiOjMwMDAwMDAwMDAwMCwidXBkYXRlIjozNjAwMDAwMDAwMDAwfX0=",
          "dependencies": [
            "azurerm_resource_group.jdtest",
            "azurerm_sql_server.jdtest",
            "azurerm_storage_account.jdtest"
          ]
        }
      ]
    },
    {
      "mode": "managed",
      "type": "azurerm_resource_group",
      "name": "jdtest",
      "provider": "provider.azurerm",
      "instances": [
        {
          "schema_version": 0,
          "attributes": {
            "id": "/subscriptions/b34ee268-9014-4eec-a58c-0c3932077eb4/resourceGroups/monitor-jdtest-rg",
            "location": "eastus",
            "name": "monitor-jdtest-rg",
            "tags": {},
            "timeouts": null
          },
          "private": "eyJlMmJmYjczMC1lY2FhLTExZTYtOGY4OC0zNDM2M2JjN2M0YzAiOnsiY3JlYXRlIjo1NDAwMDAwMDAwMDAwLCJkZWxldGUiOjU0MDAwMDAwMDAwMDAsInJlYWQiOjMwMDAwMDAwMDAwMCwidXBkYXRlIjo1NDAwMDAwMDAwMDAwfX0="
        }
      ]
    },
    {
      "mode": "managed",
      "type": "azurerm_sql_server",
      "name": "jdtest",
      "provider": "provider.azurerm",
      "instances": [
        {
          "schema_version": 0,
          "attributes": {
            "administrator_login": "4dm1n157r470r",
            "administrator_login_password": "4-v3ry-53cr37-p455w0rd",
            "connection_policy": "Default",
            "extended_auditing_policy": [],
            "fully_qualified_domain_name": "jdtest-sqlserver.database.windows.net",
            "id": "/subscriptions/b34ee268-9014-4eec-a58c-0c3932077eb4/resourceGroups/monitor-jdtest-rg/providers/Microsoft.Sql/servers/jdtest-sqlserver",
            "identity": [],
            "location": "eastus",
            "name": "jdtest-sqlserver",
            "resource_group_name": "monitor-jdtest-rg",
            "tags": {},
            "timeouts": null,
            "version": "12.0"
          },
          "private": "eyJlMmJmYjczMC1lY2FhLTExZTYtOGY4OC0zNDM2M2JjN2M0YzAiOnsiY3JlYXRlIjozNjAwMDAwMDAwMDAwLCJkZWxldGUiOjM2MDAwMDAwMDAwMDAsInJlYWQiOjMwMDAwMDAwMDAwMCwidXBkYXRlIjozNjAwMDAwMDAwMDAwfX0=",
          "dependencies": [
            "azurerm_resource_group.jdtest"
          ]
        }
      ]
    },
    {
      "mode": "managed",
      "type": "azurerm_storage_account",
      "name": "jdtest",
      "provider": "provider.azurerm",
      "instances": [
        {
          "schema_version": 2,
          "attributes": {
            "access_tier": "Hot",
            "account_kind": "StorageV2",
            "account_replication_type": "GRS",
            "account_tier": "Standard",
            "allow_blob_public_access": false,
            "blob_properties": [],
            "custom_domain": [],
            "enable_https_traffic_only": true,
            "id": "/subscriptions/b34ee268-9014-4eec-a58c-0c3932077eb4/resourceGroups/monitor-jdtest-rg/providers/Microsoft.Storage/storageAccounts/storageaccountjdtest",
            "identity": [],
            "is_hns_enabled": false,
            "large_file_share_enabled": null,
            "location": "eastus",
            "min_tls_version": "TLS1_0",
            "name": "storageaccountjdtest",
            "network_rules": [
              {
                "bypass": [
                  "AzureServices"
                ],
                "default_action": "Allow",
                "ip_rules": [],
                "virtual_network_subnet_ids": []
              }
            ],
            "primary_access_key": "I3/7xph24P5ay3/KowvYQ1ciEuKkjTkI78gR5Z3YBwqBXZyfQ5vaVH1hswWu81Dh5hQHOvuCHM2Tc1V5ObqY/w==",
            "primary_blob_connection_string": "DefaultEndpointsProtocol=https;BlobEndpoint=https://storageaccountjdtest.blob.core.windows.net/;AccountName=storageaccountjdtest;AccountKey=I3/7xph24P5ay3/KowvYQ1ciEuKkjTkI78gR5Z3YBwqBXZyfQ5vaVH1hswWu81Dh5hQHOvuCHM2Tc1V5ObqY/w==",
            "primary_blob_endpoint": "https://storageaccountjdtest.blob.core.windows.net/",
            "primary_blob_host": "storageaccountjdtest.blob.core.windows.net",
            "primary_connection_string": "DefaultEndpointsProtocol=https;AccountName=storageaccountjdtest;AccountKey=I3/7xph24P5ay3/KowvYQ1ciEuKkjTkI78gR5Z3YBwqBXZyfQ5vaVH1hswWu81Dh5hQHOvuCHM2Tc1V5ObqY/w==;EndpointSuffix=core.windows.net",
            "primary_dfs_endpoint": "https://storageaccountjdtest.dfs.core.windows.net/",
            "primary_dfs_host": "storageaccountjdtest.dfs.core.windows.net",
            "primary_file_endpoint": "https://storageaccountjdtest.file.core.windows.net/",
            "primary_file_host": "storageaccountjdtest.file.core.windows.net",
            "primary_location": "eastus",
            "primary_queue_endpoint": "https://storageaccountjdtest.queue.core.windows.net/",
            "primary_queue_host": "storageaccountjdtest.queue.core.windows.net",
            "primary_table_endpoint": "https://storageaccountjdtest.table.core.windows.net/",
            "primary_table_host": "storageaccountjdtest.table.core.windows.net",
            "primary_web_endpoint": "https://storageaccountjdtest.z13.web.core.windows.net/",
            "primary_web_host": "storageaccountjdtest.z13.web.core.windows.net",
            "queue_properties": [
              {
                "cors_rule": [],
                "hour_metrics": [
                  {
                    "enabled": true,
                    "include_apis": true,
                    "retention_policy_days": 7,
                    "version": "1.0"
                  }
                ],
                "logging": [
                  {
                    "delete": false,
                    "read": false,
                    "retention_policy_days": 0,
                    "version": "1.0",
                    "write": false
                  }
                ],
                "minute_metrics": [
                  {
                    "enabled": false,
                    "include_apis": false,
                    "retention_policy_days": 0,
                    "version": "1.0"
                  }
                ]
              }
            ],
            "resource_group_name": "monitor-jdtest-rg",
            "secondary_access_key": "sG7XXC5nKLQ2XvJduT3iAI9cAyoH/ML7A+E4dOrlUYCdDFW/Dh3Fdz5SuppEXVnHgFFVPZD2ftkL2o9b/SxTAQ==",
            "secondary_blob_connection_string": "",
            "secondary_blob_endpoint": null,
            "secondary_blob_host": null,
            "secondary_connection_string": "DefaultEndpointsProtocol=https;AccountName=storageaccountjdtest;AccountKey=sG7XXC5nKLQ2XvJduT3iAI9cAyoH/ML7A+E4dOrlUYCdDFW/Dh3Fdz5SuppEXVnHgFFVPZD2ftkL2o9b/SxTAQ==;EndpointSuffix=core.windows.net",
            "secondary_dfs_endpoint": null,
            "secondary_dfs_host": null,
            "secondary_file_endpoint": null,
            "secondary_file_host": null,
            "secondary_location": "westus",
            "secondary_queue_endpoint": null,
            "secondary_queue_host": null,
            "secondary_table_endpoint": null,
            "secondary_table_host": null,
            "secondary_web_endpoint": null,
            "secondary_web_host": null,
            "static_website": [],
            "tags": {},
            "timeouts": null
          },
          "private": "eyJlMmJmYjczMC1lY2FhLTExZTYtOGY4OC0zNDM2M2JjN2M0YzAiOnsiY3JlYXRlIjozNjAwMDAwMDAwMDAwLCJkZWxldGUiOjM2MDAwMDAwMDAwMDAsInJlYWQiOjMwMDAwMDAwMDAwMCwidXBkYXRlIjozNjAwMDAwMDAwMDAwfSwic2NoZW1hX3ZlcnNpb24iOiIyIn0=",
          "dependencies": [
            "azurerm_resource_group.jdtest"
          ]
        }
      ]
    },
    {
      "mode": "managed",
      "type": "random_integer",
      "name": "ri",
      "provider": "provider.random",
      "instances": [
        {
          "schema_version": 0,
          "attributes": {
            "id": "62596",
            "keepers": null,
            "max": 99999,
            "min": 10000,
            "result": 62596,
            "seed": null
          },
          "private": "bnVsbA=="
        }
      ]
    }
  ]
}
